
Microsoft Visual Studio Solution File, Format Version 12.00
# Visual Studio 15
VisualStudioVersion = 15.0.28307.960
MinimumVisualStudioVersion = 10.0.40219.1
Project("{FAE04EC0-301F-11D3-BF4B-00C04F79EFBC}") = "lab3", "lab3\lab3.csproj", "{ECA2A47D-6711-438D-83A6-0243081DA418}"
EndProject
Global
	GlobalSection(SolutionConfigurationPlatforms) = preSolution
		Debug|Any CPU = Debug|Any CPU
		Release|Any CPU = Release|Any CPU
	EndGlobalSection
	GlobalSection(ProjectConfigurationPlatforms) = postSolution
		{ECA2A47D-6711-438D-83A6-0243081DA418}.Debug|Any CPU.ActiveCfg = Debug|Any CPU
		{ECA2A47D-6711-438D-83A6-0243081DA418}.Debug|Any CPU.Build.0 = Debug|Any CPU
		{ECA2A47D-6711-438D-83A6-0243081DA418}.Release|Any CPU.ActiveCfg = Release|Any CPU
		{ECA2A47D-6711-438D-83A6-0243081DA418}.Release|Any CPU.Build.0 = Release|Any CPU
	EndGlobalSection
	GlobalSection(SolutionProperties) = preSolution
		HideSolutionNode = FALSE
	EndGlobalSection
	GlobalSection(ExtensibilityGlobals) = postSolution
		SolutionGuid = {C4C7982D-FBB2-4FC1-AB73-C1029ACA36AA}
	EndGlobalSection
EndGlobal
